// !$*UTF8*$!
{
	archiveVersion = 1;
	classes = {
	};
	objectVersion = 50;
	objects = {

/* Begin PBXBuildFile section */
		900170C122AD6E08006DC309 /* bai8.swift in Sources */ = {isa = PBXBuildFile; fileRef = 900170C022AD6E08006DC309 /* bai8.swift */; };
		90030E7222A969C4007E3F26 /* bai5.swift in Sources */ = {isa = PBXBuildFile; fileRef = 90030E7122A969C4007E3F26 /* bai5.swift */; };
		90030E7422A97151007E3F26 /* bai6.swift in Sources */ = {isa = PBXBuildFile; fileRef = 90030E7322A97151007E3F26 /* bai6.swift */; };
		904C56ED22AA74000042293B /* bai7.swift in Sources */ = {isa = PBXBuildFile; fileRef = 904C56EC22AA74000042293B /* bai7.swift */; };
		9056288D22A8F94B00425DFF /* main.swift in Sources */ = {isa = PBXBuildFile; fileRef = 9056288C22A8F94B00425DFF /* main.swift */; };
		9056289422A8F95A00425DFF /* bai1.swift in Sources */ = {isa = PBXBuildFile; fileRef = 9056289322A8F95A00425DFF /* bai1.swift */; };
		9056289622A8FCA000425DFF /* bai2.swift in Sources */ = {isa = PBXBuildFile; fileRef = 9056289522A8FCA000425DFF /* bai2.swift */; };
		9056289822A9038600425DFF /* bai3.swift in Sources */ = {isa = PBXBuildFile; fileRef = 9056289722A9038600425DFF /* bai3.swift */; };
		9056289C22A9132E00425DFF /* bai4.swift in Sources */ = {isa = PBXBuildFile; fileRef = 9056289B22A9132E00425DFF /* bai4.swift */; };
/* End PBXBuildFile section */

/* Begin PBXCopyFilesBuildPhase section */
		9056288722A8F94B00425DFF /* CopyFiles */ = {
			isa = PBXCopyFilesBuildPhase;
			buildActionMask = 2147483647;
			dstPath = /usr/share/man/man1/;
			dstSubfolderSpec = 0;
			files = (
			);
			runOnlyForDeploymentPostprocessing = 1;
		};
/* End PBXCopyFilesBuildPhase section */

/* Begin PBXFileReference section */
		900170C022AD6E08006DC309 /* bai8.swift */ = {isa = PBXFileReference; lastKnownFileType = sourcecode.swift; path = bai8.swift; sourceTree = "<group>"; };
		90030E7122A969C4007E3F26 /* bai5.swift */ = {isa = PBXFileReference; lastKnownFileType = sourcecode.swift; path = bai5.swift; sourceTree = "<group>"; };
		90030E7322A97151007E3F26 /* bai6.swift */ = {isa = PBXFileReference; lastKnownFileType = sourcecode.swift; path = bai6.swift; sourceTree = "<group>"; };
		904C56EC22AA74000042293B /* bai7.swift */ = {isa = PBXFileReference; lastKnownFileType = sourcecode.swift; path = bai7.swift; sourceTree = "<group>"; };
		9056288922A8F94B00425DFF /* ExLogic */ = {isa = PBXFileReference; explicitFileType = "compiled.mach-o.executable"; includeInIndex = 0; path = ExLogic; sourceTree = BUILT_PRODUCTS_DIR; };
		9056288C22A8F94B00425DFF /* main.swift */ = {isa = PBXFileReference; lastKnownFileType = sourcecode.swift; path = main.swift; sourceTree = "<group>"; };
		9056289322A8F95A00425DFF /* bai1.swift */ = {isa = PBXFileReference; lastKnownFileType = sourcecode.swift; path = bai1.swift; sourceTree = "<group>"; };
		9056289522A8FCA000425DFF /* bai2.swift */ = {isa = PBXFileReference; lastKnownFileType = sourcecode.swift; path = bai2.swift; sourceTree = "<group>"; };
		9056289722A9038600425DFF /* bai3.swift */ = {isa = PBXFileReference; lastKnownFileType = sourcecode.swift; path = bai3.swift; sourceTree = "<group>"; };
		9056289B22A9132E00425DFF /* bai4.swift */ = {isa = PBXFileReference; lastKnownFileType = sourcecode.swift; path = bai4.swift; sourceTree = "<group>"; };
/* End PBXFileReference section */

/* Begin PBXFrameworksBuildPhase section */
		9056288622A8F94B00425DFF /* Frameworks */ = {
			isa = PBXFrameworksBuildPhase;
			buildActionMask = 2147483647;
			files = (
			);
			runOnlyForDeploymentPostprocessing = 0;
		};
/* End PBXFrameworksBuildPhase section */

/* Begin PBXGroup section */
		9056288022A8F94B00425DFF = {
			isa = PBXGroup;
			children = (
				9056288B22A8F94B00425DFF /* ExLogic */,
				9056288A22A8F94B00425DFF /* Products */,
			);
			sourceTree = "<group>";
		};
		9056288A22A8F94B00425DFF /* Products */ = {
			isa = PBXGroup;
			children = (
				9056288922A8F94B00425DFF /* ExLogic */,
			);
			name = Products;
			sourceTree = "<group>";
		};
		9056288B22A8F94B00425DFF /* ExLogic */ = {
			isa = PBXGroup;
			children = (
				9056288C22A8F94B00425DFF /* main.swift */,
				9056289322A8F95A00425DFF /* bai1.swift */,
				9056289522A8FCA000425DFF /* bai2.swift */,
				9056289722A9038600425DFF /* bai3.swift */,
				9056289B22A9132E00425DFF /* bai4.swift */,
				90030E7122A969C4007E3F26 /* bai5.swift */,
				90030E7322A97151007E3F26 /* bai6.swift */,
				904C56EC22AA74000042293B /* bai7.swift */,
				900170C022AD6E08006DC309 /* bai8.swift */,
			);
			path = ExLogic;
			sourceTree = "<group>";
		};
/* End PBXGroup section */

/* Begin PBXNativeTarget section */
		9056288822A8F94B00425DFF /* ExLogic */ = {
			isa = PBXNativeTarget;
			buildConfigurationList = 9056289022A8F94B00425DFF /* Build configuration list for PBXNativeTarget "ExLogic" */;
			buildPhases = (
				9056288522A8F94B00425DFF /* Sources */,
				9056288622A8F94B00425DFF /* Frameworks */,
				9056288722A8F94B00425DFF /* CopyFiles */,
			);
			buildRules = (
			);
			dependencies = (
			);
			name = ExLogic;
			productName = ExLogic;
			productReference = 9056288922A8F94B00425DFF /* ExLogic */;
			productType = "com.apple.product-type.tool";
		};
/* End PBXNativeTarget section */

/* Begin PBXProject section */
		9056288122A8F94B00425DFF /* Project object */ = {
			isa = PBXProject;
			attributes = {
				LastSwiftUpdateCheck = 1020;
				LastUpgradeCheck = 1020;
				ORGANIZATIONNAME = "Trung Le";
				TargetAttributes = {
					9056288822A8F94B00425DFF = {
						CreatedOnToolsVersion = 10.2.1;
					};
				};
			};
			buildConfigurationList = 9056288422A8F94B00425DFF /* Build configuration list for PBXProject "ExLogic" */;
			compatibilityVersion = "Xcode 9.3";
			developmentRegion = en;
			hasScannedForEncodings = 0;
			knownRegions = (
				en,
			);
			mainGroup = 9056288022A8F94B00425DFF;
			productRefGroup = 9056288A22A8F94B00425DFF /* Products */;
			projectDirPath = "";
			projectRoot = "";
			targets = (
				9056288822A8F94B00425DFF /* ExLogic */,
			);
		};
/* End PBXProject section */

/* Begin PBXSourcesBuildPhase section */
		9056288522A8F94B00425DFF /* Sources */ = {
			isa = PBXSourcesBuildPhase;
			buildActionMask = 2147483647;
			files = (
				904C56ED22AA74000042293B /* bai7.swift in Sources */,
				90030E7422A97151007E3F26 /* bai6.swift in Sources */,
				90030E7222A969C4007E3F26 /* bai5.swift in Sources */,
				9056289822A9038600425DFF /* bai3.swift in Sources */,
				9056289622A8FCA000425DFF /* bai2.swift in Sources */,
				9056289422A8F95A00425DFF /* bai1.swift in Sources */,
				900170C122AD6E08006DC309 /* bai8.swift in Sources */,
				9056288D22A8F94B00425DFF /* main.swift in Sources */,
				9056289C22A9132E00425DFF /* bai4.swift in Sources */,
			);
			runOnlyForDeploymentPostprocessing = 0;
		};
/* End PBXSourcesBuildPhase section */

/* Begin XCBuildConfiguration section */
		9056288E22A8F94B00425DFF /* Debug */ = {
			isa = XCBuildConfiguration;
			buildSettings = {
				ALWAYS_SEARCH_USER_PATHS = NO;
				CLANG_ANALYZER_NONNULL = YES;
				CLANG_ANALYZER_NUMBER_OBJECT_CONVERSION = YES_AGGRESSIVE;
				CLANG_CXX_LANGUAGE_STANDARD = "gnu++14";
				CLANG_CXX_LIBRARY = "libc++";
				CLANG_ENABLE_MODULES = YES;
				CLANG_ENABLE_OBJC_ARC = YES;
				CLANG_ENABLE_OBJC_WEAK = YES;
				CLANG_WARN_BLOCK_CAPTURE_AUTORELEASING = YES;
				CLANG_WARN_BOOL_CONVERSION = YES;
				CLANG_WARN_COMMA = YES;
				CLANG_WARN_CONSTANT_CONVERSION = YES;
				CLANG_WARN_DEPRECATED_OBJC_IMPLEMENTATIONS = YES;
				CLANG_WARN_DIRECT_OBJC_ISA_USAGE = YES_ERROR;
				CLANG_WARN_DOCUMENTATION_COMMENTS = YES;
				CLANG_WARN_EMPTY_BODY = YES;
				CLANG_WARN_ENUM_CONVERSION = YES;
				CLANG_WARN_INFINITE_RECURSION = YES;
				CLANG_WARN_INT_CONVERSION = YES;
				CLANG_WARN_NON_LITERAL_NULL_CONVERSION = YES;
				CLANG_WARN_OBJC_IMPLICIT_RETAIN_SELF = YES;
				CLANG_WARN_OBJC_LITERAL_CONVERSION = YES;
				CLANG_WARN_OBJC_ROOT_CLASS = YES_ERROR;
				CLANG_WARN_RANGE_LOOP_ANALYSIS = YES;
				CLANG_WARN_STRICT_PROTOTYPES = YES;
				CLANG_WARN_SUSPICIOUS_MOVE = YES;
				CLANG_WARN_UNGUARDED_AVAILABILITY = YES_AGGRESSIVE;
				CLANG_WARN_UNREACHABLE_CODE = YES;
				CLANG_WARN__DUPLICATE_METHOD_MATCH = YES;
				CODE_SIGN_IDENTITY = "Mac Developer";
				COPY_PHASE_STRIP = NO;
				DEBUG_INFORMATION_FORMAT = dwarf;
				ENABLE_STRICT_OBJC_MSGSEND = YES;
				ENABLE_TESTABILITY = YES;
				GCC_C_LANGUAGE_STANDARD = gnu11;
				GCC_DYNAMIC_NO_PIC = NO;
				GCC_NO_COMMON_BLOCKS = YES;
				GCC_OPTIMIZATION_LEVEL = 0;
				GCC_PREPROCESSOR_DEFINITIONS = (
					"DEBUG=1",
					"$(inherited)",
				);
				GCC_WARN_64_TO_32_BIT_CONVERSION = YES;
				GCC_WARN_ABOUT_RETURN_TYPE = YES_ERROR;
				GCC_WARN_UNDECLARED_SELECTOR = YES;
				GCC_WARN_UNINITIALIZED_AUTOS = YES_AGGRESSIVE;
				GCC_WARN_UNUSED_FUNCTION = YES;
				GCC_WARN_UNUSED_VARIABLE = YES;
				MACOSX_DEPLOYMENT_TARGET = 10.14;
				MTL_ENABLE_DEBUG_INFO = INCLUDE_SOURCE;
				MTL_FAST_MATH = YES;
				ONLY_ACTIVE_ARCH = YES;
				SDKROOT = macosx;
				SWIFT_ACTIVE_COMPILATION_CONDITIONS = DEBUG;
				SWIFT_OPTIMIZATION_LEVEL = "-Onone";
			};
			name = Debug;
		};
		9056288F22A8F94B00425DFF /* Release */ = {
			isa = XCBuildConfiguration;
			buildSettings = {
				ALWAYS_SEARCH_USER_PATHS = NO;
				CLANG_ANALYZER_NONNULL = YES;
				CLANG_ANALYZER_NUMBER_OBJECT_CONVERSION = YES_AGGRESSIVE;
				CLANG_CXX_LANGUAGE_STANDARD = "gnu++14";
				CLANG_CXX_LIBRARY = "libc++";
				CLANG_ENABLE_MODULES = YES;
				CLANG_ENABLE_OBJC_ARC = YES;
				CLANG_ENABLE_OBJC_WEAK = YES;
				CLANG_WARN_BLOCK_CAPTURE_AUTORELEASING = YES;
				CLANG_WARN_BOOL_CONVERSION = YES;
				CLANG_WARN_COMMA = YES;
				CLANG_WARN_CONSTANT_CONVERSION = YES;
				CLANG_WARN_DEPRECATED_OBJC_IMPLEMENTATIONS = YES;
				CLANG_WARN_DIRECT_OBJC_ISA_USAGE = YES_ERROR;
				CLANG_WARN_DOCUMENTATION_COMMENTS = YES;
				CLANG_WARN_EMPTY_BODY = YES;
				CLANG_WARN_ENUM_CONVERSION = YES;
				CLANG_WARN_INFINITE_RECURSION = YES;
				CLANG_WARN_INT_CONVERSION = YES;
				CLANG_WARN_NON_LITERAL_NULL_CONVERSION = YES;
				CLANG_WARN_OBJC_IMPLICIT_RETAIN_SELF = YES;
				CLANG_WARN_OBJC_LITERAL_CONVERSION = YES;
				CLANG_WARN_OBJC_ROOT_CLASS = YES_ERROR;
				CLANG_WARN_RANGE_LOOP_ANALYSIS = YES;
				CLANG_WARN_STRICT_PROTOTYPES = YES;
				CLANG_WARN_SUSPICIOUS_MOVE = YES;
				CLANG_WARN_UNGUARDED_AVAILABILITY = YES_AGGRESSIVE;
				CLANG_WARN_UNREACHABLE_CODE = YES;
				CLANG_WARN__DUPLICATE_METHOD_MATCH = YES;
				CODE_SIGN_IDENTITY = "Mac Developer";
				COPY_PHASE_STRIP = NO;
				DEBUG_INFORMATION_FORMAT = "dwarf-with-dsym";
				ENABLE_NS_ASSERTIONS = NO;
				ENABLE_STRICT_OBJC_MSGSEND = YES;
				GCC_C_LANGUAGE_STANDARD = gnu11;
				GCC_NO_COMMON_BLOCKS = YES;
				GCC_WARN_64_TO_32_BIT_CONVERSION = YES;
				GCC_WARN_ABOUT_RETURN_TYPE = YES_ERROR;
				GCC_WARN_UNDECLARED_SELECTOR = YES;
				GCC_WARN_UNINITIALIZED_AUTOS = YES_AGGRESSIVE;
				GCC_WARN_UNUSED_FUNCTION = YES;
				GCC_WARN_UNUSED_VARIABLE = YES;
				MACOSX_DEPLOYMENT_TARGET = 10.14;
				MTL_ENABLE_DEBUG_INFO = NO;
				MTL_FAST_MATH = YES;
				SDKROOT = macosx;
				SWIFT_COMPILATION_MODE = wholemodule;
				SWIFT_OPTIMIZATION_LEVEL = "-O";
			};
			name = Release;
		};
		9056289122A8F94B00425DFF /* Debug */ = {
			isa = XCBuildConfiguration;
			buildSettings = {
				CODE_SIGN_STYLE = Automatic;
				DEVELOPMENT_TEAM = CY3H774RHW;
				PRODUCT_NAME = "$(TARGET_NAME)";
				SWIFT_VERSION = 5.0;
			};
			name = Debug;
		};
		9056289222A8F94B00425DFF /* Release */ = {
			isa = XCBuildConfiguration;
			buildSettings = {
				CODE_SIGN_STYLE = Automatic;
				DEVELOPMENT_TEAM = CY3H774RHW;
				PRODUCT_NAME = "$(TARGET_NAME)";
				SWIFT_VERSION = 5.0;
			};
			name = Release;
		};
/* End XCBuildConfiguration section */

/* Begin XCConfigurationList section */
		9056288422A8F94B00425DFF /* Build configuration list for PBXProject "ExLogic" */ = {
			isa = XCConfigurationList;
			buildConfigurations = (
				9056288E22A8F94B00425DFF /* Debug */,
				9056288F22A8F94B00425DFF /* Release */,
			);
			defaultConfigurationIsVisible = 0;
			defaultConfigurationName = Release;
		};
		9056289022A8F94B00425DFF /* Build configuration list for PBXNativeTarget "ExLogic" */ = {
			isa = XCConfigurationList;
			buildConfigurations = (
				9056289122A8F94B00425DFF /* Debug */,
				9056289222A8F94B00425DFF /* Release */,
			);
			defaultConfigurationIsVisible = 0;
			defaultConfigurationName = Release;
		};
/* End XCConfigurationList section */
	};
	rootObject = 9056288122A8F94B00425DFF /* Project object */;
}
